
Microsoft Visual Studio Solution File, Format Version 12.00
# Visual Studio Version 16
VisualStudioVersion = 16.0.30621.155
MinimumVisualStudioVersion = 10.0.40219.1
Project("{FAE04EC0-301F-11D3-BF4B-00C04F79EFBC}") = "Calculator", "Calculator\Calculator.csproj", "{92986F71-BC2C-4344-8788-58B876BD0BFB}"
EndProject
Global
	GlobalSection(SolutionConfigurationPlatforms) = preSolution
		Debug|Any CPU = Debug|Any CPU
		Release|Any CPU = Release|Any CPU
	EndGlobalSection
	GlobalSection(ProjectConfigurationPlatforms) = postSolution
		{92986F71-BC2C-4344-8788-58B876BD0BFB}.Debug|Any CPU.ActiveCfg = Debug|Any CPU
		{92986F71-BC2C-4344-8788-58B876BD0BFB}.Debug|Any CPU.Build.0 = Debug|Any CPU
		{92986F71-BC2C-4344-8788-58B876BD0BFB}.Release|Any CPU.ActiveCfg = Release|Any CPU
		{92986F71-BC2C-4344-8788-58B876BD0BFB}.Release|Any CPU.Build.0 = Release|Any CPU
	EndGlobalSection
	GlobalSection(SolutionProperties) = preSolution
		HideSolutionNode = FALSE
	EndGlobalSection
	GlobalSection(ExtensibilityGlobals) = postSolution
		SolutionGuid = {599C7523-5B8B-4EF9-9B38-C33B51813659}
	EndGlobalSection
EndGlobal
